{
  "name": "@danilo_pereira/pipe-test",
  "version": "0.0.6",
  "lockfileVersion": 1,
  "requires": true,
  "dependencies": {
    "axios": {
      "version": "0.21.1",
      "resolved": "https://registry.npmjs.org/axios/-/axios-0.21.1.tgz",
      "integrity": "sha512-dKQiRHxGD9PPRIUNIWvZhPTPpl1rf/OxTYKsqKUDjBwYylTvV7SjSHJb9ratfyzM6wCdLCOYLzs73qpg5c4iGA==",
      "dev": true,
      "requires": {
        "follow-redirects": "^1.10.0"
      }
    },
    "follow-redirects": {
      "version": "1.14.1",
      "resolved": "https://registry.npmjs.org/follow-redirects/-/follow-redirects-1.14.1.tgz",
      "integrity": "sha512-HWqDgT7ZEkqRzBvc2s64vSZ/hfOceEol3ac/7tKwzuvEyWx3/4UegXh5oBOIotkGsObyk3xznnSRVADBgWSQVg==",
      "dev": true
    },
    "p-iteration": {
      "version": "1.1.8",
      "resolved": "https://registry.npmjs.org/p-iteration/-/p-iteration-1.1.8.tgz",
      "integrity": "sha512-IMFBSDIYcPNnW7uWYGrBqmvTiq7W0uB0fJn6shQZs7dlF3OvrHOre+JT9ikSZ7gZS3vWqclVgoQSvToJrns7uQ==",
      "dev": true
    }
  }
}
